// !$*UTF8*$!
{
	archiveVersion = 1;
	classes = {
	};
	objectVersion = 50;
	objects = {

/* Begin PBXBuildFile section */
		B0934F0F234E198300043EE9 /* Webservice.swift in Sources */ = {isa = PBXBuildFile; fileRef = B0934F0E234E198300043EE9 /* Webservice.swift */; };
		B0934F12234E2F4E00043EE9 /* WeatherListViewModel.swift in Sources */ = {isa = PBXBuildFile; fileRef = B0934F11234E2F4E00043EE9 /* WeatherListViewModel.swift */; };
		B0934F15234F7F6F00043EE9 /* Double+Extensions.swift in Sources */ = {isa = PBXBuildFile; fileRef = B0934F14234F7F6F00043EE9 /* Double+Extensions.swift */; };
		B0934F172350819A00043EE9 /* SettingsTableViewController.swift in Sources */ = {isa = PBXBuildFile; fileRef = B0934F162350819A00043EE9 /* SettingsTableViewController.swift */; };
		B0934F192350839C00043EE9 /* SettingsViewModel.swift in Sources */ = {isa = PBXBuildFile; fileRef = B0934F182350839B00043EE9 /* SettingsViewModel.swift */; };
		B0E01EAF234CE12600299664 /* AppDelegate.swift in Sources */ = {isa = PBXBuildFile; fileRef = B0E01EAE234CE12600299664 /* AppDelegate.swift */; };
		B0E01EB4234CE12600299664 /* Main.storyboard in Resources */ = {isa = PBXBuildFile; fileRef = B0E01EB2234CE12600299664 /* Main.storyboard */; };
		B0E01EB6234CE12700299664 /* Assets.xcassets in Resources */ = {isa = PBXBuildFile; fileRef = B0E01EB5234CE12700299664 /* Assets.xcassets */; };
		B0E01EB9234CE12700299664 /* LaunchScreen.storyboard in Resources */ = {isa = PBXBuildFile; fileRef = B0E01EB7234CE12700299664 /* LaunchScreen.storyboard */; };
		B0E01EC4234CE12700299664 /* MVVMWeatherAppTests.swift in Sources */ = {isa = PBXBuildFile; fileRef = B0E01EC3234CE12700299664 /* MVVMWeatherAppTests.swift */; };
		B0E01ED0234CE4D600299664 /* WeatherListTableViewController.swift in Sources */ = {isa = PBXBuildFile; fileRef = B0E01ECF234CE4D600299664 /* WeatherListTableViewController.swift */; };
		B0E01ED2234CE52500299664 /* AddWeatherCityViewController.swift in Sources */ = {isa = PBXBuildFile; fileRef = B0E01ED1234CE52500299664 /* AddWeatherCityViewController.swift */; };
		B0E01ED5234CED4D00299664 /* WeatherCell.swift in Sources */ = {isa = PBXBuildFile; fileRef = B0E01ED4234CED4D00299664 /* WeatherCell.swift */; };
/* End PBXBuildFile section */

/* Begin PBXContainerItemProxy section */
		B0E01EC0234CE12700299664 /* PBXContainerItemProxy */ = {
			isa = PBXContainerItemProxy;
			containerPortal = B0E01EA3234CE12600299664 /* Project object */;
			proxyType = 1;
			remoteGlobalIDString = B0E01EAA234CE12600299664;
			remoteInfo = MVVMWeatherApp;
		};
/* End PBXContainerItemProxy section */

/* Begin PBXFileReference section */
		B0934F0E234E198300043EE9 /* Webservice.swift */ = {isa = PBXFileReference; lastKnownFileType = sourcecode.swift; path = Webservice.swift; sourceTree = "<group>"; };
		B0934F11234E2F4E00043EE9 /* WeatherListViewModel.swift */ = {isa = PBXFileReference; lastKnownFileType = sourcecode.swift; path = WeatherListViewModel.swift; sourceTree = "<group>"; };
		B0934F14234F7F6F00043EE9 /* Double+Extensions.swift */ = {isa = PBXFileReference; lastKnownFileType = sourcecode.swift; path = "Double+Extensions.swift"; sourceTree = "<group>"; };
		B0934F162350819A00043EE9 /* SettingsTableViewController.swift */ = {isa = PBXFileReference; lastKnownFileType = sourcecode.swift; path = SettingsTableViewController.swift; sourceTree = "<group>"; };
		B0934F182350839B00043EE9 /* SettingsViewModel.swift */ = {isa = PBXFileReference; lastKnownFileType = sourcecode.swift; path = SettingsViewModel.swift; sourceTree = "<group>"; };
		B0E01EAB234CE12600299664 /* MVVMWeatherApp.app */ = {isa = PBXFileReference; explicitFileType = wrapper.application; includeInIndex = 0; path = MVVMWeatherApp.app; sourceTree = BUILT_PRODUCTS_DIR; };
		B0E01EAE234CE12600299664 /* AppDelegate.swift */ = {isa = PBXFileReference; lastKnownFileType = sourcecode.swift; path = AppDelegate.swift; sourceTree = "<group>"; };
		B0E01EB3234CE12600299664 /* Base */ = {isa = PBXFileReference; lastKnownFileType = file.storyboard; name = Base; path = Base.lproj/Main.storyboard; sourceTree = "<group>"; };
		B0E01EB5234CE12700299664 /* Assets.xcassets */ = {isa = PBXFileReference; lastKnownFileType = folder.assetcatalog; path = Assets.xcassets; sourceTree = "<group>"; };
		B0E01EB8234CE12700299664 /* Base */ = {isa = PBXFileReference; lastKnownFileType = file.storyboard; name = Base; path = Base.lproj/LaunchScreen.storyboard; sourceTree = "<group>"; };
		B0E01EBA234CE12700299664 /* Info.plist */ = {isa = PBXFileReference; lastKnownFileType = text.plist.xml; path = Info.plist; sourceTree = "<group>"; };
		B0E01EBF234CE12700299664 /* MVVMWeatherAppTests.xctest */ = {isa = PBXFileReference; explicitFileType = wrapper.cfbundle; includeInIndex = 0; path = MVVMWeatherAppTests.xctest; sourceTree = BUILT_PRODUCTS_DIR; };
		B0E01EC3234CE12700299664 /* MVVMWeatherAppTests.swift */ = {isa = PBXFileReference; lastKnownFileType = sourcecode.swift; path = MVVMWeatherAppTests.swift; sourceTree = "<group>"; };
		B0E01EC5234CE12700299664 /* Info.plist */ = {isa = PBXFileReference; lastKnownFileType = text.plist.xml; path = Info.plist; sourceTree = "<group>"; };
		B0E01ECF234CE4D600299664 /* WeatherListTableViewController.swift */ = {isa = PBXFileReference; lastKnownFileType = sourcecode.swift; path = WeatherListTableViewController.swift; sourceTree = "<group>"; };
		B0E01ED1234CE52500299664 /* AddWeatherCityViewController.swift */ = {isa = PBXFileReference; lastKnownFileType = sourcecode.swift; path = AddWeatherCityViewController.swift; sourceTree = "<group>"; };
		B0E01ED4234CED4D00299664 /* WeatherCell.swift */ = {isa = PBXFileReference; lastKnownFileType = sourcecode.swift; path = WeatherCell.swift; sourceTree = "<group>"; };
/* End PBXFileReference section */

/* Begin PBXFrameworksBuildPhase section */
		B0E01EA8234CE12600299664 /* Frameworks */ = {
			isa = PBXFrameworksBuildPhase;
			buildActionMask = 2147483647;
			files = (
			);
			runOnlyForDeploymentPostprocessing = 0;
		};
		B0E01EBC234CE12700299664 /* Frameworks */ = {
			isa = PBXFrameworksBuildPhase;
			buildActionMask = 2147483647;
			files = (
			);
			runOnlyForDeploymentPostprocessing = 0;
		};
/* End PBXFrameworksBuildPhase section */

/* Begin PBXGroup section */
		B0934F0B234E194800043EE9 /* Services */ = {
			isa = PBXGroup;
			children = (
				B0934F0E234E198300043EE9 /* Webservice.swift */,
			);
			path = Services;
			sourceTree = "<group>";
		};
		B0934F10234E2F2900043EE9 /* ViewModels */ = {
			isa = PBXGroup;
			children = (
				B0934F11234E2F4E00043EE9 /* WeatherListViewModel.swift */,
				B0934F182350839B00043EE9 /* SettingsViewModel.swift */,
			);
			path = ViewModels;
			sourceTree = "<group>";
		};
		B0934F13234F7F4D00043EE9 /* Extensions */ = {
			isa = PBXGroup;
			children = (
				B0934F14234F7F6F00043EE9 /* Double+Extensions.swift */,
			);
			path = Extensions;
			sourceTree = "<group>";
		};
		B0E01EA2234CE12600299664 = {
			isa = PBXGroup;
			children = (
				B0E01EAD234CE12600299664 /* MVVMWeatherApp */,
				B0E01EC2234CE12700299664 /* MVVMWeatherAppTests */,
				B0E01EAC234CE12600299664 /* Products */,
			);
			sourceTree = "<group>";
		};
		B0E01EAC234CE12600299664 /* Products */ = {
			isa = PBXGroup;
			children = (
				B0E01EAB234CE12600299664 /* MVVMWeatherApp.app */,
				B0E01EBF234CE12700299664 /* MVVMWeatherAppTests.xctest */,
			);
			name = Products;
			sourceTree = "<group>";
		};
		B0E01EAD234CE12600299664 /* MVVMWeatherApp */ = {
			isa = PBXGroup;
			children = (
				B0934F13234F7F4D00043EE9 /* Extensions */,
				B0934F10234E2F2900043EE9 /* ViewModels */,
				B0934F0B234E194800043EE9 /* Services */,
				B0E01ED3234CED2B00299664 /* Custom Cells */,
				B0E01ECE234CE4B100299664 /* Controllers */,
				B0E01EAE234CE12600299664 /* AppDelegate.swift */,
				B0E01EB2234CE12600299664 /* Main.storyboard */,
				B0E01EB5234CE12700299664 /* Assets.xcassets */,
				B0E01EB7234CE12700299664 /* LaunchScreen.storyboard */,
				B0E01EBA234CE12700299664 /* Info.plist */,
			);
			path = MVVMWeatherApp;
			sourceTree = "<group>";
		};
		B0E01EC2234CE12700299664 /* MVVMWeatherAppTests */ = {
			isa = PBXGroup;
			children = (
				B0E01EC3234CE12700299664 /* MVVMWeatherAppTests.swift */,
				B0E01EC5234CE12700299664 /* Info.plist */,
			);
			path = MVVMWeatherAppTests;
			sourceTree = "<group>";
		};
		B0E01ECE234CE4B100299664 /* Controllers */ = {
			isa = PBXGroup;
			children = (
				B0E01ECF234CE4D600299664 /* WeatherListTableViewController.swift */,
				B0E01ED1234CE52500299664 /* AddWeatherCityViewController.swift */,
				B0934F162350819A00043EE9 /* SettingsTableViewController.swift */,
			);
			path = Controllers;
			sourceTree = "<group>";
		};
		B0E01ED3234CED2B00299664 /* Custom Cells */ = {
			isa = PBXGroup;
			children = (
				B0E01ED4234CED4D00299664 /* WeatherCell.swift */,
			);
			path = "Custom Cells";
			sourceTree = "<group>";
		};
/* End PBXGroup section */

/* Begin PBXNativeTarget section */
		B0E01EAA234CE12600299664 /* MVVMWeatherApp */ = {
			isa = PBXNativeTarget;
			buildConfigurationList = B0E01EC8234CE12700299664 /* Build configuration list for PBXNativeTarget "MVVMWeatherApp" */;
			buildPhases = (
				B0E01EA7234CE12600299664 /* Sources */,
				B0E01EA8234CE12600299664 /* Frameworks */,
				B0E01EA9234CE12600299664 /* Resources */,
			);
			buildRules = (
			);
			dependencies = (
			);
			name = MVVMWeatherApp;
			productName = MVVMWeatherApp;
			productReference = B0E01EAB234CE12600299664 /* MVVMWeatherApp.app */;
			productType = "com.apple.product-type.application";
		};
		B0E01EBE234CE12700299664 /* MVVMWeatherAppTests */ = {
			isa = PBXNativeTarget;
			buildConfigurationList = B0E01ECB234CE12700299664 /* Build configuration list for PBXNativeTarget "MVVMWeatherAppTests" */;
			buildPhases = (
				B0E01EBB234CE12700299664 /* Sources */,
				B0E01EBC234CE12700299664 /* Frameworks */,
				B0E01EBD234CE12700299664 /* Resources */,
			);
			buildRules = (
			);
			dependencies = (
				B0E01EC1234CE12700299664 /* PBXTargetDependency */,
			);
			name = MVVMWeatherAppTests;
			productName = MVVMWeatherAppTests;
			productReference = B0E01EBF234CE12700299664 /* MVVMWeatherAppTests.xctest */;
			productType = "com.apple.product-type.bundle.unit-test";
		};
/* End PBXNativeTarget section */

/* Begin PBXProject section */
		B0E01EA3234CE12600299664 /* Project object */ = {
			isa = PBXProject;
			attributes = {
				LastSwiftUpdateCheck = 1030;
				LastUpgradeCheck = 1030;
				ORGANIZATIONNAME = "Eren Kulan";
				TargetAttributes = {
					B0E01EAA234CE12600299664 = {
						CreatedOnToolsVersion = 10.3;
					};
					B0E01EBE234CE12700299664 = {
						CreatedOnToolsVersion = 10.3;
						TestTargetID = B0E01EAA234CE12600299664;
					};
				};
			};
			buildConfigurationList = B0E01EA6234CE12600299664 /* Build configuration list for PBXProject "MVVMWeatherApp" */;
			compatibilityVersion = "Xcode 9.3";
			developmentRegion = en;
			hasScannedForEncodings = 0;
			knownRegions = (
				en,
				Base,
			);
			mainGroup = B0E01EA2234CE12600299664;
			productRefGroup = B0E01EAC234CE12600299664 /* Products */;
			projectDirPath = "";
			projectRoot = "";
			targets = (
				B0E01EAA234CE12600299664 /* MVVMWeatherApp */,
				B0E01EBE234CE12700299664 /* MVVMWeatherAppTests */,
			);
		};
/* End PBXProject section */

/* Begin PBXResourcesBuildPhase section */
		B0E01EA9234CE12600299664 /* Resources */ = {
			isa = PBXResourcesBuildPhase;
			buildActionMask = 2147483647;
			files = (
				B0E01EB9234CE12700299664 /* LaunchScreen.storyboard in Resources */,
				B0E01EB6234CE12700299664 /* Assets.xcassets in Resources */,
				B0E01EB4234CE12600299664 /* Main.storyboard in Resources */,
			);
			runOnlyForDeploymentPostprocessing = 0;
		};
		B0E01EBD234CE12700299664 /* Resources */ = {
			isa = PBXResourcesBuildPhase;
			buildActionMask = 2147483647;
			files = (
			);
			runOnlyForDeploymentPostprocessing = 0;
		};
/* End PBXResourcesBuildPhase section */

/* Begin PBXSourcesBuildPhase section */
		B0E01EA7234CE12600299664 /* Sources */ = {
			isa = PBXSourcesBuildPhase;
			buildActionMask = 2147483647;
			files = (
				B0E01ED5234CED4D00299664 /* WeatherCell.swift in Sources */,
				B0E01ED0234CE4D600299664 /* WeatherListTableViewController.swift in Sources */,
				B0934F15234F7F6F00043EE9 /* Double+Extensions.swift in Sources */,
				B0E01ED2234CE52500299664 /* AddWeatherCityViewController.swift in Sources */,
				B0934F172350819A00043EE9 /* SettingsTableViewController.swift in Sources */,
				B0934F12234E2F4E00043EE9 /* WeatherListViewModel.swift in Sources */,
				B0934F0F234E198300043EE9 /* Webservice.swift in Sources */,
				B0E01EAF234CE12600299664 /* AppDelegate.swift in Sources */,
				B0934F192350839C00043EE9 /* SettingsViewModel.swift in Sources */,
			);
			runOnlyForDeploymentPostprocessing = 0;
		};
		B0E01EBB234CE12700299664 /* Sources */ = {
			isa = PBXSourcesBuildPhase;
			buildActionMask = 2147483647;
			files = (
				B0E01EC4234CE12700299664 /* MVVMWeatherAppTests.swift in Sources */,
			);
			runOnlyForDeploymentPostprocessing = 0;
		};
/* End PBXSourcesBuildPhase section */

/* Begin PBXTargetDependency section */
		B0E01EC1234CE12700299664 /* PBXTargetDependency */ = {
			isa = PBXTargetDependency;
			target = B0E01EAA234CE12600299664 /* MVVMWeatherApp */;
			targetProxy = B0E01EC0234CE12700299664 /* PBXContainerItemProxy */;
		};
/* End PBXTargetDependency section */

/* Begin PBXVariantGroup section */
		B0E01EB2234CE12600299664 /* Main.storyboard */ = {
			isa = PBXVariantGroup;
			children = (
				B0E01EB3234CE12600299664 /* Base */,
			);
			name = Main.storyboard;
			sourceTree = "<group>";
		};
		B0E01EB7234CE12700299664 /* LaunchScreen.storyboard */ = {
			isa = PBXVariantGroup;
			children = (
				B0E01EB8234CE12700299664 /* Base */,
			);
			name = LaunchScreen.storyboard;
			sourceTree = "<group>";
		};
/* End PBXVariantGroup section */

/* Begin XCBuildConfiguration section */
		B0E01EC6234CE12700299664 /* Debug */ = {
			isa = XCBuildConfiguration;
			buildSettings = {
				ALWAYS_SEARCH_USER_PATHS = NO;
				CLANG_ANALYZER_NONNULL = YES;
				CLANG_ANALYZER_NUMBER_OBJECT_CONVERSION = YES_AGGRESSIVE;
				CLANG_CXX_LANGUAGE_STANDARD = "gnu++14";
				CLANG_CXX_LIBRARY = "libc++";
				CLANG_ENABLE_MODULES = YES;
				CLANG_ENABLE_OBJC_ARC = YES;
				CLANG_ENABLE_OBJC_WEAK = YES;
				CLANG_WARN_BLOCK_CAPTURE_AUTORELEASING = YES;
				CLANG_WARN_BOOL_CONVERSION = YES;
				CLANG_WARN_COMMA = YES;
				CLANG_WARN_CONSTANT_CONVERSION = YES;
				CLANG_WARN_DEPRECATED_OBJC_IMPLEMENTATIONS = YES;
				CLANG_WARN_DIRECT_OBJC_ISA_USAGE = YES_ERROR;
				CLANG_WARN_DOCUMENTATION_COMMENTS = YES;
				CLANG_WARN_EMPTY_BODY = YES;
				CLANG_WARN_ENUM_CONVERSION = YES;
				CLANG_WARN_INFINITE_RECURSION = YES;
				CLANG_WARN_INT_CONVERSION = YES;
				CLANG_WARN_NON_LITERAL_NULL_CONVERSION = YES;
				CLANG_WARN_OBJC_IMPLICIT_RETAIN_SELF = YES;
				CLANG_WARN_OBJC_LITERAL_CONVERSION = YES;
				CLANG_WARN_OBJC_ROOT_CLASS = YES_ERROR;
				CLANG_WARN_RANGE_LOOP_ANALYSIS = YES;
				CLANG_WARN_STRICT_PROTOTYPES = YES;
				CLANG_WARN_SUSPICIOUS_MOVE = YES;
				CLANG_WARN_UNGUARDED_AVAILABILITY = YES_AGGRESSIVE;
				CLANG_WARN_UNREACHABLE_CODE = YES;
				CLANG_WARN__DUPLICATE_METHOD_MATCH = YES;
				CODE_SIGN_IDENTITY = "iPhone Developer";
				COPY_PHASE_STRIP = NO;
				DEBUG_INFORMATION_FORMAT = dwarf;
				ENABLE_STRICT_OBJC_MSGSEND = YES;
				ENABLE_TESTABILITY = YES;
				GCC_C_LANGUAGE_STANDARD = gnu11;
				GCC_DYNAMIC_NO_PIC = NO;
				GCC_NO_COMMON_BLOCKS = YES;
				GCC_OPTIMIZATION_LEVEL = 0;
				GCC_PREPROCESSOR_DEFINITIONS = (
					"DEBUG=1",
					"$(inherited)",
				);
				GCC_WARN_64_TO_32_BIT_CONVERSION = YES;
				GCC_WARN_ABOUT_RETURN_TYPE = YES_ERROR;
				GCC_WARN_UNDECLARED_SELECTOR = YES;
				GCC_WARN_UNINITIALIZED_AUTOS = YES_AGGRESSIVE;
				GCC_WARN_UNUSED_FUNCTION = YES;
				GCC_WARN_UNUSED_VARIABLE = YES;
				IPHONEOS_DEPLOYMENT_TARGET = 12.4;
				MTL_ENABLE_DEBUG_INFO = INCLUDE_SOURCE;
				MTL_FAST_MATH = YES;
				ONLY_ACTIVE_ARCH = YES;
				SDKROOT = iphoneos;
				SWIFT_ACTIVE_COMPILATION_CONDITIONS = DEBUG;
				SWIFT_OPTIMIZATION_LEVEL = "-Onone";
			};
			name = Debug;
		};
		B0E01EC7234CE12700299664 /* Release */ = {
			isa = XCBuildConfiguration;
			buildSettings = {
				ALWAYS_SEARCH_USER_PATHS = NO;
				CLANG_ANALYZER_NONNULL = YES;
				CLANG_ANALYZER_NUMBER_OBJECT_CONVERSION = YES_AGGRESSIVE;
				CLANG_CXX_LANGUAGE_STANDARD = "gnu++14";
				CLANG_CXX_LIBRARY = "libc++";
				CLANG_ENABLE_MODULES = YES;
				CLANG_ENABLE_OBJC_ARC = YES;
				CLANG_ENABLE_OBJC_WEAK = YES;
				CLANG_WARN_BLOCK_CAPTURE_AUTORELEASING = YES;
				CLANG_WARN_BOOL_CONVERSION = YES;
				CLANG_WARN_COMMA = YES;
				CLANG_WARN_CONSTANT_CONVERSION = YES;
				CLANG_WARN_DEPRECATED_OBJC_IMPLEMENTATIONS = YES;
				CLANG_WARN_DIRECT_OBJC_ISA_USAGE = YES_ERROR;
				CLANG_WARN_DOCUMENTATION_COMMENTS = YES;
				CLANG_WARN_EMPTY_BODY = YES;
				CLANG_WARN_ENUM_CONVERSION = YES;
				CLANG_WARN_INFINITE_RECURSION = YES;
				CLANG_WARN_INT_CONVERSION = YES;
				CLANG_WARN_NON_LITERAL_NULL_CONVERSION = YES;
				CLANG_WARN_OBJC_IMPLICIT_RETAIN_SELF = YES;
				CLANG_WARN_OBJC_LITERAL_CONVERSION = YES;
				CLANG_WARN_OBJC_ROOT_CLASS = YES_ERROR;
				CLANG_WARN_RANGE_LOOP_ANALYSIS = YES;
				CLANG_WARN_STRICT_PROTOTYPES = YES;
				CLANG_WARN_SUSPICIOUS_MOVE = YES;
				CLANG_WARN_UNGUARDED_AVAILABILITY = YES_AGGRESSIVE;
				CLANG_WARN_UNREACHABLE_CODE = YES;
				CLANG_WARN__DUPLICATE_METHOD_MATCH = YES;
				CODE_SIGN_IDENTITY = "iPhone Developer";
				COPY_PHASE_STRIP = NO;
				DEBUG_INFORMATION_FORMAT = "dwarf-with-dsym";
				ENABLE_NS_ASSERTIONS = NO;
				ENABLE_STRICT_OBJC_MSGSEND = YES;
				GCC_C_LANGUAGE_STANDARD = gnu11;
				GCC_NO_COMMON_BLOCKS = YES;
				GCC_WARN_64_TO_32_BIT_CONVERSION = YES;
				GCC_WARN_ABOUT_RETURN_TYPE = YES_ERROR;
				GCC_WARN_UNDECLARED_SELECTOR = YES;
				GCC_WARN_UNINITIALIZED_AUTOS = YES_AGGRESSIVE;
				GCC_WARN_UNUSED_FUNCTION = YES;
				GCC_WARN_UNUSED_VARIABLE = YES;
				IPHONEOS_DEPLOYMENT_TARGET = 12.4;
				MTL_ENABLE_DEBUG_INFO = NO;
				MTL_FAST_MATH = YES;
				SDKROOT = iphoneos;
				SWIFT_COMPILATION_MODE = wholemodule;
				SWIFT_OPTIMIZATION_LEVEL = "-O";
				VALIDATE_PRODUCT = YES;
			};
			name = Release;
		};
		B0E01EC9234CE12700299664 /* Debug */ = {
			isa = XCBuildConfiguration;
			buildSettings = {
				ASSETCATALOG_COMPILER_APPICON_NAME = AppIcon;
				CODE_SIGN_STYLE = Automatic;
				DEVELOPMENT_TEAM = CZ3J2246AK;
				INFOPLIST_FILE = MVVMWeatherApp/Info.plist;
				LD_RUNPATH_SEARCH_PATHS = (
					"$(inherited)",
					"@executable_path/Frameworks",
				);
				PRODUCT_BUNDLE_IDENTIFIER = com.erenkulan.MVVMWeatherApp;
				PRODUCT_NAME = "$(TARGET_NAME)";
				SWIFT_VERSION = 5.0;
				TARGETED_DEVICE_FAMILY = "1,2";
			};
			name = Debug;
		};
		B0E01ECA234CE12700299664 /* Release */ = {
			isa = XCBuildConfiguration;
			buildSettings = {
				ASSETCATALOG_COMPILER_APPICON_NAME = AppIcon;
				CODE_SIGN_STYLE = Automatic;
				DEVELOPMENT_TEAM = CZ3J2246AK;
				INFOPLIST_FILE = MVVMWeatherApp/Info.plist;
				LD_RUNPATH_SEARCH_PATHS = (
					"$(inherited)",
					"@executable_path/Frameworks",
				);
				PRODUCT_BUNDLE_IDENTIFIER = com.erenkulan.MVVMWeatherApp;
				PRODUCT_NAME = "$(TARGET_NAME)";
				SWIFT_VERSION = 5.0;
				TARGETED_DEVICE_FAMILY = "1,2";
			};
			name = Release;
		};
		B0E01ECC234CE12700299664 /* Debug */ = {
			isa = XCBuildConfiguration;
			buildSettings = {
				ALWAYS_EMBED_SWIFT_STANDARD_LIBRARIES = YES;
				BUNDLE_LOADER = "$(TEST_HOST)";
				CODE_SIGN_STYLE = Automatic;
				INFOPLIST_FILE = MVVMWeatherAppTests/Info.plist;
				LD_RUNPATH_SEARCH_PATHS = (
					"$(inherited)",
					"@executable_path/Frameworks",
					"@loader_path/Frameworks",
				);
				PRODUCT_BUNDLE_IDENTIFIER = com.erenkulan.MVVMWeatherAppTests;
				PRODUCT_NAME = "$(TARGET_NAME)";
				SWIFT_VERSION = 5.0;
				TARGETED_DEVICE_FAMILY = "1,2";
				TEST_HOST = "$(BUILT_PRODUCTS_DIR)/MVVMWeatherApp.app/MVVMWeatherApp";
			};
			name = Debug;
		};
		B0E01ECD234CE12700299664 /* Release */ = {
			isa = XCBuildConfiguration;
			buildSettings = {
				ALWAYS_EMBED_SWIFT_STANDARD_LIBRARIES = YES;
				BUNDLE_LOADER = "$(TEST_HOST)";
				CODE_SIGN_STYLE = Automatic;
				INFOPLIST_FILE = MVVMWeatherAppTests/Info.plist;
				LD_RUNPATH_SEARCH_PATHS = (
					"$(inherited)",
					"@executable_path/Frameworks",
					"@loader_path/Frameworks",
				);
				PRODUCT_BUNDLE_IDENTIFIER = com.erenkulan.MVVMWeatherAppTests;
				PRODUCT_NAME = "$(TARGET_NAME)";
				SWIFT_VERSION = 5.0;
				TARGETED_DEVICE_FAMILY = "1,2";
				TEST_HOST = "$(BUILT_PRODUCTS_DIR)/MVVMWeatherApp.app/MVVMWeatherApp";
			};
			name = Release;
		};
/* End XCBuildConfiguration section */

/* Begin XCConfigurationList section */
		B0E01EA6234CE12600299664 /* Build configuration list for PBXProject "MVVMWeatherApp" */ = {
			isa = XCConfigurationList;
			buildConfigurations = (
				B0E01EC6234CE12700299664 /* Debug */,
				B0E01EC7234CE12700299664 /* Release */,
			);
			defaultConfigurationIsVisible = 0;
			defaultConfigurationName = Release;
		};
		B0E01EC8234CE12700299664 /* Build configuration list for PBXNativeTarget "MVVMWeatherApp" */ = {
			isa = XCConfigurationList;
			buildConfigurations = (
				B0E01EC9234CE12700299664 /* Debug */,
				B0E01ECA234CE12700299664 /* Release */,
			);
			defaultConfigurationIsVisible = 0;
			defaultConfigurationName = Release;
		};
		B0E01ECB234CE12700299664 /* Build configuration list for PBXNativeTarget "MVVMWeatherAppTests" */ = {
			isa = XCConfigurationList;
			buildConfigurations = (
				B0E01ECC234CE12700299664 /* Debug */,
				B0E01ECD234CE12700299664 /* Release */,
			);
			defaultConfigurationIsVisible = 0;
			defaultConfigurationName = Release;
		};
/* End XCConfigurationList section */
	};
	rootObject = B0E01EA3234CE12600299664 /* Project object */;
}
